PODS:
  - Realm (10.38.0):
    - Realm/Headers (= 10.38.0)
  - Realm/Headers (10.38.0)
  - RealmSwift (10.38.0):
    - Realm (= 10.38.0)
  - SnapKit (5.6.0)
  - SwiftLocation/Core (5.1.0)
  - Toast-Swift (5.0.1)
  - w3bstream (1.0.3)

DEPENDENCIES:
  - RealmSwift
  - SnapKit (~> 5.6.0)
  - SwiftLocation/Core
  - Toast-Swift (~> 5.0.1)
  - w3bstream (from `../`)

SPEC REPOS:
  trunk:
    - Realm
    - RealmSwift
    - SnapKit
    - SwiftLocation
    - Toast-Swift

EXTERNAL SOURCES:
  w3bstream:
    :path: "../"

SPEC CHECKSUMS:
  Realm: 5902885dd1d5e71b0b020830caab937ecdf5bf07
  RealmSwift: 0fc037d6c32c7c4fc9362892380f380114ecdcf0
  SnapKit: e01d52ebb8ddbc333eefe2132acf85c8227d9c25
  SwiftLocation: 83e0ea75a1969cee3a1197e2b7095603fc23fde5
  Toast-Swift: 9b6a70f28b3bf0b96c40d46c0c4b9d6639846711
  w3bstream: 7a72c8c4d0a8d1889f75d3305a9447560b847816

PODFILE CHECKSUM: 9ad30dbddbbf766616ee9c3840e562aec8f4bd8a

COCOAPODS: 1.12.1
