// !$*UTF8*$!
{
	archiveVersion = 1;
	classes = {
	};
	objectVersion = 55;
	objects = {

/* Begin PBXBuildFile section */
		D430DF9CA9FA9D5095C6BD30 /* Pods_App_Demo_Device_.framework in Frameworks */ = {isa = PBXBuildFile; fileRef = 9AC3BBE84F2C29DD5601644C /* Pods_App_Demo_Device_.framework */; };
		D780DF7DF256D155A1E03798 /* Pods_App_Demo_Simulator_.framework in Frameworks */ = {isa = PBXBuildFile; fileRef = 4F22E3CC1B98AADFD6DA1E8D /* Pods_App_Demo_Simulator_.framework */; };
		F608D5D528939B6800A64115 /* ViewController.swift in Sources */ = {isa = PBXBuildFile; fileRef = F6730A43286D557200628B36 /* ViewController.swift */; };
		F608D5D628939B6800A64115 /* AppDelegate.swift in Sources */ = {isa = PBXBuildFile; fileRef = F6730A3F286D557200628B36 /* AppDelegate.swift */; };
		F608D5D728939B6800A64115 /* SceneDelegate.swift in Sources */ = {isa = PBXBuildFile; fileRef = F6730A41286D557200628B36 /* SceneDelegate.swift */; };
		F608D5DB28939B6800A64115 /* LaunchScreen.storyboard in Resources */ = {isa = PBXBuildFile; fileRef = F6730A4A286D557300628B36 /* LaunchScreen.storyboard */; };
		F608D5DC28939B6800A64115 /* Assets.xcassets in Resources */ = {isa = PBXBuildFile; fileRef = F6730A48286D557300628B36 /* Assets.xcassets */; };
		F608D5DD28939B6800A64115 /* Main.storyboard in Resources */ = {isa = PBXBuildFile; fileRef = F6730A45286D557200628B36 /* Main.storyboard */; };
		F608D7412893ADD800A64115 /* W3bStream.framework in Frameworks */ = {isa = PBXBuildFile; fileRef = F608D73D2893ADC900A64115 /* W3bStream.framework */; };
		F608D7422893ADD800A64115 /* W3bStream.framework in Embed Frameworks */ = {isa = PBXBuildFile; fileRef = F608D73D2893ADC900A64115 /* W3bStream.framework */; settings = {ATTRIBUTES = (CodeSignOnCopy, RemoveHeadersOnCopy, ); }; };
		F6730A40286D557200628B36 /* AppDelegate.swift in Sources */ = {isa = PBXBuildFile; fileRef = F6730A3F286D557200628B36 /* AppDelegate.swift */; };
		F6730A42286D557200628B36 /* SceneDelegate.swift in Sources */ = {isa = PBXBuildFile; fileRef = F6730A41286D557200628B36 /* SceneDelegate.swift */; };
		F6730A44286D557200628B36 /* ViewController.swift in Sources */ = {isa = PBXBuildFile; fileRef = F6730A43286D557200628B36 /* ViewController.swift */; };
		F6730A47286D557200628B36 /* Main.storyboard in Resources */ = {isa = PBXBuildFile; fileRef = F6730A45286D557200628B36 /* Main.storyboard */; };
		F6730A49286D557300628B36 /* Assets.xcassets in Resources */ = {isa = PBXBuildFile; fileRef = F6730A48286D557300628B36 /* Assets.xcassets */; };
		F6730A4C286D557300628B36 /* LaunchScreen.storyboard in Resources */ = {isa = PBXBuildFile; fileRef = F6730A4A286D557300628B36 /* LaunchScreen.storyboard */; };
		F6C83A0E28A23A2D008C84C3 /* RealmDBHelper.swift in Sources */ = {isa = PBXBuildFile; fileRef = F6C83A0D28A23A2D008C84C3 /* RealmDBHelper.swift */; };
		F6C83A0F28A23A2D008C84C3 /* RealmDBHelper.swift in Sources */ = {isa = PBXBuildFile; fileRef = F6C83A0D28A23A2D008C84C3 /* RealmDBHelper.swift */; };
		F6C83A2028A4CA2A008C84C3 /* W3bStream.framework in Frameworks */ = {isa = PBXBuildFile; fileRef = F6C83A1E28A4CA24008C84C3 /* W3bStream.framework */; };
		F6C83A2128A4CA2A008C84C3 /* W3bStream.framework in Embed Frameworks */ = {isa = PBXBuildFile; fileRef = F6C83A1E28A4CA24008C84C3 /* W3bStream.framework */; settings = {ATTRIBUTES = (CodeSignOnCopy, RemoveHeadersOnCopy, ); }; };
		F6CBB0AF289B648700B0330B /* SignViewController.swift in Sources */ = {isa = PBXBuildFile; fileRef = F6CBB0AE289B648700B0330B /* SignViewController.swift */; };
		F6CBB0B0289B648900B0330B /* SignViewController.swift in Sources */ = {isa = PBXBuildFile; fileRef = F6CBB0AE289B648700B0330B /* SignViewController.swift */; };
		F6CBB0B3289B844300B0330B /* Data+Ex.swift in Sources */ = {isa = PBXBuildFile; fileRef = F6CBB0B1289B844300B0330B /* Data+Ex.swift */; };
		F6CBB0B4289B844300B0330B /* Data+Ex.swift in Sources */ = {isa = PBXBuildFile; fileRef = F6CBB0B1289B844300B0330B /* Data+Ex.swift */; };
		F6CBB0B5289B844300B0330B /* String+Ex.swift in Sources */ = {isa = PBXBuildFile; fileRef = F6CBB0B2289B844300B0330B /* String+Ex.swift */; };
		F6CBB0B6289B844300B0330B /* String+Ex.swift in Sources */ = {isa = PBXBuildFile; fileRef = F6CBB0B2289B844300B0330B /* String+Ex.swift */; };
		F6CBB244289B8F8C00B0330B /* Security.framework in Frameworks */ = {isa = PBXBuildFile; fileRef = F6CBB242289B8F7200B0330B /* Security.framework */; };
		F6CBB277289F491600B0330B /* HistoryViewController.swift in Sources */ = {isa = PBXBuildFile; fileRef = F6CBB276289F491600B0330B /* HistoryViewController.swift */; };
		F6CBB278289F491600B0330B /* HistoryViewController.swift in Sources */ = {isa = PBXBuildFile; fileRef = F6CBB276289F491600B0330B /* HistoryViewController.swift */; };
		F6CBB27A289F4BBA00B0330B /* DataModel.swift in Sources */ = {isa = PBXBuildFile; fileRef = F6CBB279289F4BBA00B0330B /* DataModel.swift */; };
		F6CBB27B289F4BBA00B0330B /* DataModel.swift in Sources */ = {isa = PBXBuildFile; fileRef = F6CBB279289F4BBA00B0330B /* DataModel.swift */; };
/* End PBXBuildFile section */

/* Begin PBXContainerItemProxy section */
		F6730A53286D557300628B36 /* PBXContainerItemProxy */ = {
			isa = PBXContainerItemProxy;
			containerPortal = F6730A34286D557200628B36 /* Project object */;
			proxyType = 1;
			remoteGlobalIDString = F6730A3B286D557200628B36;
			remoteInfo = Teeee;
		};
		F6730A5D286D557300628B36 /* PBXContainerItemProxy */ = {
			isa = PBXContainerItemProxy;
			containerPortal = F6730A34286D557200628B36 /* Project object */;
			proxyType = 1;
			remoteGlobalIDString = F6730A3B286D557200628B36;
			remoteInfo = Teeee;
		};
/* End PBXContainerItemProxy section */

/* Begin PBXCopyFilesBuildPhase section */
		F6730A73286D55B600628B36 /* Embed Frameworks */ = {
			isa = PBXCopyFilesBuildPhase;
			buildActionMask = 2147483647;
			dstPath = "";
			dstSubfolderSpec = 10;
			files = (
				F608D7422893ADD800A64115 /* W3bStream.framework in Embed Frameworks */,
			);
			name = "Embed Frameworks";
			runOnlyForDeploymentPostprocessing = 0;
		};
		F6CBB273289BAE1400B0330B /* Embed Frameworks */ = {
			isa = PBXCopyFilesBuildPhase;
			buildActionMask = 2147483647;
			dstPath = "";
			dstSubfolderSpec = 10;
			files = (
				F6C83A2128A4CA2A008C84C3 /* W3bStream.framework in Embed Frameworks */,
			);
			name = "Embed Frameworks";
			runOnlyForDeploymentPostprocessing = 0;
		};
/* End PBXCopyFilesBuildPhase section */

/* Begin PBXFileReference section */
		189EC8C8F1267D5B64D38FB0 /* Pods-App-Demo(Simulator).release.xcconfig */ = {isa = PBXFileReference; includeInIndex = 1; lastKnownFileType = text.xcconfig; name = "Pods-App-Demo(Simulator).release.xcconfig"; path = "Target Support Files/Pods-App-Demo(Simulator)/Pods-App-Demo(Simulator).release.xcconfig"; sourceTree = "<group>"; };
		20F78688A15E8549E4D794CB /* Pods-App-Demo(Device).release.xcconfig */ = {isa = PBXFileReference; includeInIndex = 1; lastKnownFileType = text.xcconfig; name = "Pods-App-Demo(Device).release.xcconfig"; path = "Target Support Files/Pods-App-Demo(Device)/Pods-App-Demo(Device).release.xcconfig"; sourceTree = "<group>"; };
		32504C14F58B5282D2A569CC /* Pods-App-Demo(Simulator).debug.xcconfig */ = {isa = PBXFileReference; includeInIndex = 1; lastKnownFileType = text.xcconfig; name = "Pods-App-Demo(Simulator).debug.xcconfig"; path = "Target Support Files/Pods-App-Demo(Simulator)/Pods-App-Demo(Simulator).debug.xcconfig"; sourceTree = "<group>"; };
		3F5B6AB8C314936314BA9454 /* Pods-Demo(Simulator).debug.xcconfig */ = {isa = PBXFileReference; includeInIndex = 1; lastKnownFileType = text.xcconfig; name = "Pods-Demo(Simulator).debug.xcconfig"; path = "Target Support Files/Pods-Demo(Simulator)/Pods-Demo(Simulator).debug.xcconfig"; sourceTree = "<group>"; };
		4F22E3CC1B98AADFD6DA1E8D /* Pods_App_Demo_Simulator_.framework */ = {isa = PBXFileReference; explicitFileType = wrapper.framework; includeInIndex = 0; path = Pods_App_Demo_Simulator_.framework; sourceTree = BUILT_PRODUCTS_DIR; };
		59EB73647B03937D5400F806 /* Pods-App-Demo(Device).debug.xcconfig */ = {isa = PBXFileReference; includeInIndex = 1; lastKnownFileType = text.xcconfig; name = "Pods-App-Demo(Device).debug.xcconfig"; path = "Target Support Files/Pods-App-Demo(Device)/Pods-App-Demo(Device).debug.xcconfig"; sourceTree = "<group>"; };
		5A7AB30A01272A14AC3570B1 /* Pods-Demo(Device).release.xcconfig */ = {isa = PBXFileReference; includeInIndex = 1; lastKnownFileType = text.xcconfig; name = "Pods-Demo(Device).release.xcconfig"; path = "Target Support Files/Pods-Demo(Device)/Pods-Demo(Device).release.xcconfig"; sourceTree = "<group>"; };
		6C6319CA60269101E7530D7C /* Pods-Demo(Simulator).release.xcconfig */ = {isa = PBXFileReference; includeInIndex = 1; lastKnownFileType = text.xcconfig; name = "Pods-Demo(Simulator).release.xcconfig"; path = "Target Support Files/Pods-Demo(Simulator)/Pods-Demo(Simulator).release.xcconfig"; sourceTree = "<group>"; };
		9AC3BBE84F2C29DD5601644C /* Pods_App_Demo_Device_.framework */ = {isa = PBXFileReference; explicitFileType = wrapper.framework; includeInIndex = 0; path = Pods_App_Demo_Device_.framework; sourceTree = BUILT_PRODUCTS_DIR; };
		A70A0C623B66B7270CACA716 /* Pods-Demo(Device).debug.xcconfig */ = {isa = PBXFileReference; includeInIndex = 1; lastKnownFileType = text.xcconfig; name = "Pods-Demo(Device).debug.xcconfig"; path = "Target Support Files/Pods-Demo(Device)/Pods-Demo(Device).debug.xcconfig"; sourceTree = "<group>"; };
		F608D5E328939B6800A64115 /* Demo(Simulator).app */ = {isa = PBXFileReference; explicitFileType = wrapper.application; includeInIndex = 0; path = "Demo(Simulator).app"; sourceTree = BUILT_PRODUCTS_DIR; };
		F608D5E428939B6800A64115 /* Demo copy-Info.plist */ = {isa = PBXFileReference; lastKnownFileType = text.plist.xml; name = "Demo copy-Info.plist"; path = "/Users/yuanzeng/Desktop/DataUpload/Example/Demo copy-Info.plist"; sourceTree = "<absolute>"; };
		F608D73D2893ADC900A64115 /* W3bStream.framework */ = {isa = PBXFileReference; lastKnownFileType = wrapper.framework; path = W3bStream.framework; sourceTree = "<group>"; };
		F6730A3C286D557200628B36 /* Demo(Device).app */ = {isa = PBXFileReference; explicitFileType = wrapper.application; includeInIndex = 0; path = "Demo(Device).app"; sourceTree = BUILT_PRODUCTS_DIR; };
		F6730A3F286D557200628B36 /* AppDelegate.swift */ = {isa = PBXFileReference; lastKnownFileType = sourcecode.swift; path = AppDelegate.swift; sourceTree = "<group>"; };
		F6730A41286D557200628B36 /* SceneDelegate.swift */ = {isa = PBXFileReference; lastKnownFileType = sourcecode.swift; path = SceneDelegate.swift; sourceTree = "<group>"; };
		F6730A43286D557200628B36 /* ViewController.swift */ = {isa = PBXFileReference; lastKnownFileType = sourcecode.swift; path = ViewController.swift; sourceTree = "<group>"; };
		F6730A46286D557200628B36 /* Base */ = {isa = PBXFileReference; lastKnownFileType = file.storyboard; name = Base; path = Base.lproj/Main.storyboard; sourceTree = "<group>"; };
		F6730A48286D557300628B36 /* Assets.xcassets */ = {isa = PBXFileReference; lastKnownFileType = folder.assetcatalog; path = Assets.xcassets; sourceTree = "<group>"; };
		F6730A4B286D557300628B36 /* Base */ = {isa = PBXFileReference; lastKnownFileType = file.storyboard; name = Base; path = Base.lproj/LaunchScreen.storyboard; sourceTree = "<group>"; };
		F6730A4D286D557300628B36 /* Info.plist */ = {isa = PBXFileReference; lastKnownFileType = text.plist.xml; path = Info.plist; sourceTree = "<group>"; };
		F6730A52286D557300628B36 /* DemoTests.xctest */ = {isa = PBXFileReference; explicitFileType = wrapper.cfbundle; includeInIndex = 0; path = DemoTests.xctest; sourceTree = BUILT_PRODUCTS_DIR; };
		F6730A5C286D557300628B36 /* DemoUITests.xctest */ = {isa = PBXFileReference; explicitFileType = wrapper.cfbundle; includeInIndex = 0; path = DemoUITests.xctest; sourceTree = BUILT_PRODUCTS_DIR; };
		F6C83A0D28A23A2D008C84C3 /* RealmDBHelper.swift */ = {isa = PBXFileReference; fileEncoding = 4; lastKnownFileType = sourcecode.swift; path = RealmDBHelper.swift; sourceTree = "<group>"; };
		F6C83A1E28A4CA24008C84C3 /* W3bStream.framework */ = {isa = PBXFileReference; lastKnownFileType = wrapper.framework; path = W3bStream.framework; sourceTree = "<group>"; };
		F6CBB0AE289B648700B0330B /* SignViewController.swift */ = {isa = PBXFileReference; lastKnownFileType = sourcecode.swift; path = SignViewController.swift; sourceTree = "<group>"; };
		F6CBB0B1289B844300B0330B /* Data+Ex.swift */ = {isa = PBXFileReference; fileEncoding = 4; lastKnownFileType = sourcecode.swift; name = "Data+Ex.swift"; path = "../../DataUpload/Ex/Data+Ex.swift"; sourceTree = "<group>"; };
		F6CBB0B2289B844300B0330B /* String+Ex.swift */ = {isa = PBXFileReference; fileEncoding = 4; lastKnownFileType = sourcecode.swift; name = "String+Ex.swift"; path = "../../DataUpload/Ex/String+Ex.swift"; sourceTree = "<group>"; };
		F6CBB242289B8F7200B0330B /* Security.framework */ = {isa = PBXFileReference; lastKnownFileType = wrapper.framework; name = Security.framework; path = System/Library/Frameworks/Security.framework; sourceTree = SDKROOT; };
		F6CBB276289F491600B0330B /* HistoryViewController.swift */ = {isa = PBXFileReference; lastKnownFileType = sourcecode.swift; path = HistoryViewController.swift; sourceTree = "<group>"; };
		F6CBB279289F4BBA00B0330B /* DataModel.swift */ = {isa = PBXFileReference; fileEncoding = 4; lastKnownFileType = sourcecode.swift; path = DataModel.swift; sourceTree = "<group>"; };
/* End PBXFileReference section */

/* Begin PBXFrameworksBuildPhase section */
		F608D5D828939B6800A64115 /* Frameworks */ = {
			isa = PBXFrameworksBuildPhase;
			buildActionMask = 2147483647;
			files = (
				F6C83A2028A4CA2A008C84C3 /* W3bStream.framework in Frameworks */,
				F6CBB244289B8F8C00B0330B /* Security.framework in Frameworks */,
				D780DF7DF256D155A1E03798 /* Pods_App_Demo_Simulator_.framework in Frameworks */,
			);
			runOnlyForDeploymentPostprocessing = 0;
		};
		F6730A39286D557200628B36 /* Frameworks */ = {
			isa = PBXFrameworksBuildPhase;
			buildActionMask = 2147483647;
			files = (
				F608D7412893ADD800A64115 /* W3bStream.framework in Frameworks */,
				D430DF9CA9FA9D5095C6BD30 /* Pods_App_Demo_Device_.framework in Frameworks */,
			);
			runOnlyForDeploymentPostprocessing = 0;
		};
		F6730A4F286D557300628B36 /* Frameworks */ = {
			isa = PBXFrameworksBuildPhase;
			buildActionMask = 2147483647;
			files = (
			);
			runOnlyForDeploymentPostprocessing = 0;
		};
		F6730A59286D557300628B36 /* Frameworks */ = {
			isa = PBXFrameworksBuildPhase;
			buildActionMask = 2147483647;
			files = (
			);
			runOnlyForDeploymentPostprocessing = 0;
		};
/* End PBXFrameworksBuildPhase section */

/* Begin PBXGroup section */
		31FEC07A088FED8021AAA015 /* Frameworks */ = {
			isa = PBXGroup;
			children = (
				F6CBB242289B8F7200B0330B /* Security.framework */,
				9AC3BBE84F2C29DD5601644C /* Pods_App_Demo_Device_.framework */,
				4F22E3CC1B98AADFD6DA1E8D /* Pods_App_Demo_Simulator_.framework */,
			);
			name = Frameworks;
			sourceTree = "<group>";
		};
		C337A3D08AE5E82A495652BD /* Pods */ = {
			isa = PBXGroup;
			children = (
				A70A0C623B66B7270CACA716 /* Pods-Demo(Device).debug.xcconfig */,
				5A7AB30A01272A14AC3570B1 /* Pods-Demo(Device).release.xcconfig */,
				3F5B6AB8C314936314BA9454 /* Pods-Demo(Simulator).debug.xcconfig */,
				6C6319CA60269101E7530D7C /* Pods-Demo(Simulator).release.xcconfig */,
				59EB73647B03937D5400F806 /* Pods-App-Demo(Device).debug.xcconfig */,
				20F78688A15E8549E4D794CB /* Pods-App-Demo(Device).release.xcconfig */,
				32504C14F58B5282D2A569CC /* Pods-App-Demo(Simulator).debug.xcconfig */,
				189EC8C8F1267D5B64D38FB0 /* Pods-App-Demo(Simulator).release.xcconfig */,
			);
			path = Pods;
			sourceTree = "<group>";
		};
		F608D73A2893ADC900A64115 /* Simulator */ = {
			isa = PBXGroup;
			children = (
				F6C83A1E28A4CA24008C84C3 /* W3bStream.framework */,
			);
			path = Simulator;
			sourceTree = "<group>";
		};
		F608D73C2893ADC900A64115 /* Device */ = {
			isa = PBXGroup;
			children = (
				F608D73D2893ADC900A64115 /* W3bStream.framework */,
			);
			path = Device;
			sourceTree = "<group>";
		};
		F6730A33286D557200628B36 = {
			isa = PBXGroup;
			children = (
				F6730A3E286D557200628B36 /* Teeee */,
				F6730A3D286D557200628B36 /* Products */,
				31FEC07A088FED8021AAA015 /* Frameworks */,
				F608D5E428939B6800A64115 /* Demo copy-Info.plist */,
				C337A3D08AE5E82A495652BD /* Pods */,
			);
			sourceTree = "<group>";
		};
		F6730A3D286D557200628B36 /* Products */ = {
			isa = PBXGroup;
			children = (
				F6730A3C286D557200628B36 /* Demo(Device).app */,
				F6730A52286D557300628B36 /* DemoTests.xctest */,
				F6730A5C286D557300628B36 /* DemoUITests.xctest */,
				F608D5E328939B6800A64115 /* Demo(Simulator).app */,
			);
			name = Products;
			sourceTree = "<group>";
		};
		F6730A3E286D557200628B36 /* Teeee */ = {
			isa = PBXGroup;
			children = (
				F6CBB279289F4BBA00B0330B /* DataModel.swift */,
				F6CBB0B1289B844300B0330B /* Data+Ex.swift */,
				F6CBB0B2289B844300B0330B /* String+Ex.swift */,
				F6C83A0D28A23A2D008C84C3 /* RealmDBHelper.swift */,
				F608D73C2893ADC900A64115 /* Device */,
				F608D73A2893ADC900A64115 /* Simulator */,
				F6730A3F286D557200628B36 /* AppDelegate.swift */,
				F6730A41286D557200628B36 /* SceneDelegate.swift */,
				F6730A43286D557200628B36 /* ViewController.swift */,
				F6CBB0AE289B648700B0330B /* SignViewController.swift */,
				F6CBB276289F491600B0330B /* HistoryViewController.swift */,
				F6730A45286D557200628B36 /* Main.storyboard */,
				F6730A48286D557300628B36 /* Assets.xcassets */,
				F6730A4A286D557300628B36 /* LaunchScreen.storyboard */,
				F6730A4D286D557300628B36 /* Info.plist */,
			);
			path = Teeee;
			sourceTree = "<group>";
		};
/* End PBXGroup section */

/* Begin PBXNativeTarget section */
		F608D5D328939B6800A64115 /* Demo(Simulator) */ = {
			isa = PBXNativeTarget;
			buildConfigurationList = F608D5E028939B6800A64115 /* Build configuration list for PBXNativeTarget "Demo(Simulator)" */;
			buildPhases = (
				6FAF6C18BAF7C846252A132C /* [CP] Check Pods Manifest.lock */,
				F608D5D428939B6800A64115 /* Sources */,
				F608D5D828939B6800A64115 /* Frameworks */,
				F608D5DA28939B6800A64115 /* Resources */,
				F6CBB273289BAE1400B0330B /* Embed Frameworks */,
				D91F706BD221D8A3ABC824B1 /* [CP] Embed Pods Frameworks */,
			);
			buildRules = (
			);
			dependencies = (
			);
			name = "Demo(Simulator)";
			productName = Teeee;
			productReference = F608D5E328939B6800A64115 /* Demo(Simulator).app */;
			productType = "com.apple.product-type.application";
		};
		F6730A3B286D557200628B36 /* Demo(Device) */ = {
			isa = PBXNativeTarget;
			buildConfigurationList = F6730A66286D557300628B36 /* Build configuration list for PBXNativeTarget "Demo(Device)" */;
			buildPhases = (
				0A5C130AA5DCE3A7212E9AB4 /* [CP] Check Pods Manifest.lock */,
				F6730A38286D557200628B36 /* Sources */,
				F6730A39286D557200628B36 /* Frameworks */,
				F6730A3A286D557200628B36 /* Resources */,
				F6730A73286D55B600628B36 /* Embed Frameworks */,
				892612BB7296B8E35F5CA646 /* [CP] Embed Pods Frameworks */,
			);
			buildRules = (
			);
			dependencies = (
			);
			name = "Demo(Device)";
			productName = Teeee;
			productReference = F6730A3C286D557200628B36 /* Demo(Device).app */;
			productType = "com.apple.product-type.application";
		};
		F6730A51286D557300628B36 /* DemoTests */ = {
			isa = PBXNativeTarget;
			buildConfigurationList = F6730A69286D557300628B36 /* Build configuration list for PBXNativeTarget "DemoTests" */;
			buildPhases = (
				F6730A4E286D557300628B36 /* Sources */,
				F6730A4F286D557300628B36 /* Frameworks */,
				F6730A50286D557300628B36 /* Resources */,
			);
			buildRules = (
			);
			dependencies = (
				F6730A54286D557300628B36 /* PBXTargetDependency */,
			);
			name = DemoTests;
			productName = TeeeeTests;
			productReference = F6730A52286D557300628B36 /* DemoTests.xctest */;
			productType = "com.apple.product-type.bundle.unit-test";
		};
		F6730A5B286D557300628B36 /* DemoUITests */ = {
			isa = PBXNativeTarget;
			buildConfigurationList = F6730A6C286D557300628B36 /* Build configuration list for PBXNativeTarget "DemoUITests" */;
			buildPhases = (
				F6730A58286D557300628B36 /* Sources */,
				F6730A59286D557300628B36 /* Frameworks */,
				F6730A5A286D557300628B36 /* Resources */,
			);
			buildRules = (
			);
			dependencies = (
				F6730A5E286D557300628B36 /* PBXTargetDependency */,
			);
			name = DemoUITests;
			productName = TeeeeUITests;
			productReference = F6730A5C286D557300628B36 /* DemoUITests.xctest */;
			productType = "com.apple.product-type.bundle.ui-testing";
		};
/* End PBXNativeTarget section */

/* Begin PBXProject section */
		F6730A34286D557200628B36 /* Project object */ = {
			isa = PBXProject;
			attributes = {
				BuildIndependentTargetsInParallel = 1;
				LastSwiftUpdateCheck = 1340;
				LastUpgradeCheck = 1340;
				TargetAttributes = {
					F6730A3B286D557200628B36 = {
						CreatedOnToolsVersion = 13.4;
					};
					F6730A51286D557300628B36 = {
						CreatedOnToolsVersion = 13.4;
						TestTargetID = F6730A3B286D557200628B36;
					};
					F6730A5B286D557300628B36 = {
						CreatedOnToolsVersion = 13.4;
						TestTargetID = F6730A3B286D557200628B36;
					};
				};
			};
			buildConfigurationList = F6730A37286D557200628B36 /* Build configuration list for PBXProject "Demo" */;
			compatibilityVersion = "Xcode 13.0";
			developmentRegion = en;
			hasScannedForEncodings = 0;
			knownRegions = (
				en,
				Base,
			);
			mainGroup = F6730A33286D557200628B36;
			productRefGroup = F6730A3D286D557200628B36 /* Products */;
			projectDirPath = "";
			projectRoot = "";
			targets = (
				F6730A3B286D557200628B36 /* Demo(Device) */,
				F6730A51286D557300628B36 /* DemoTests */,
				F6730A5B286D557300628B36 /* DemoUITests */,
				F608D5D328939B6800A64115 /* Demo(Simulator) */,
			);
		};
/* End PBXProject section */

/* Begin PBXResourcesBuildPhase section */
		F608D5DA28939B6800A64115 /* Resources */ = {
			isa = PBXResourcesBuildPhase;
			buildActionMask = 2147483647;
			files = (
				F608D5DB28939B6800A64115 /* LaunchScreen.storyboard in Resources */,
				F608D5DC28939B6800A64115 /* Assets.xcassets in Resources */,
				F608D5DD28939B6800A64115 /* Main.storyboard in Resources */,
			);
			runOnlyForDeploymentPostprocessing = 0;
		};
		F6730A3A286D557200628B36 /* Resources */ = {
			isa = PBXResourcesBuildPhase;
			buildActionMask = 2147483647;
			files = (
				F6730A4C286D557300628B36 /* LaunchScreen.storyboard in Resources */,
				F6730A49286D557300628B36 /* Assets.xcassets in Resources */,
				F6730A47286D557200628B36 /* Main.storyboard in Resources */,
			);
			runOnlyForDeploymentPostprocessing = 0;
		};
		F6730A50286D557300628B36 /* Resources */ = {
			isa = PBXResourcesBuildPhase;
			buildActionMask = 2147483647;
			files = (
			);
			runOnlyForDeploymentPostprocessing = 0;
		};
		F6730A5A286D557300628B36 /* Resources */ = {
			isa = PBXResourcesBuildPhase;
			buildActionMask = 2147483647;
			files = (
			);
			runOnlyForDeploymentPostprocessing = 0;
		};
/* End PBXResourcesBuildPhase section */

/* Begin PBXShellScriptBuildPhase section */
		0A5C130AA5DCE3A7212E9AB4 /* [CP] Check Pods Manifest.lock */ = {
			isa = PBXShellScriptBuildPhase;
			buildActionMask = 2147483647;
			files = (
			);
			inputFileListPaths = (
			);
			inputPaths = (
				"${PODS_PODFILE_DIR_PATH}/Podfile.lock",
				"${PODS_ROOT}/Manifest.lock",
			);
			name = "[CP] Check Pods Manifest.lock";
			outputFileListPaths = (
			);
			outputPaths = (
				"$(DERIVED_FILE_DIR)/Pods-App-Demo(Device)-checkManifestLockResult.txt",
			);
			runOnlyForDeploymentPostprocessing = 0;
			shellPath = /bin/sh;
			shellScript = "diff \"${PODS_PODFILE_DIR_PATH}/Podfile.lock\" \"${PODS_ROOT}/Manifest.lock\" > /dev/null\nif [ $? != 0 ] ; then\n    # print error to STDERR\n    echo \"error: The sandbox is not in sync with the Podfile.lock. Run 'pod install' or update your CocoaPods installation.\" >&2\n    exit 1\nfi\n# This output is used by Xcode 'outputs' to avoid re-running this script phase.\necho \"SUCCESS\" > \"${SCRIPT_OUTPUT_FILE_0}\"\n";
			showEnvVarsInLog = 0;
		};
		6FAF6C18BAF7C846252A132C /* [CP] Check Pods Manifest.lock */ = {
			isa = PBXShellScriptBuildPhase;
			buildActionMask = 2147483647;
			files = (
			);
			inputFileListPaths = (
			);
			inputPaths = (
				"${PODS_PODFILE_DIR_PATH}/Podfile.lock",
				"${PODS_ROOT}/Manifest.lock",
			);
			name = "[CP] Check Pods Manifest.lock";
			outputFileListPaths = (
			);
			outputPaths = (
				"$(DERIVED_FILE_DIR)/Pods-App-Demo(Simulator)-checkManifestLockResult.txt",
			);
			runOnlyForDeploymentPostprocessing = 0;
			shellPath = /bin/sh;
			shellScript = "diff \"${PODS_PODFILE_DIR_PATH}/Podfile.lock\" \"${PODS_ROOT}/Manifest.lock\" > /dev/null\nif [ $? != 0 ] ; then\n    # print error to STDERR\n    echo \"error: The sandbox is not in sync with the Podfile.lock. Run 'pod install' or update your CocoaPods installation.\" >&2\n    exit 1\nfi\n# This output is used by Xcode 'outputs' to avoid re-running this script phase.\necho \"SUCCESS\" > \"${SCRIPT_OUTPUT_FILE_0}\"\n";
			showEnvVarsInLog = 0;
		};
		892612BB7296B8E35F5CA646 /* [CP] Embed Pods Frameworks */ = {
			isa = PBXShellScriptBuildPhase;
			buildActionMask = 2147483647;
			files = (
			);
			inputFileListPaths = (
				"${PODS_ROOT}/Target Support Files/Pods-App-Demo(Device)/Pods-App-Demo(Device)-frameworks-${CONFIGURATION}-input-files.xcfilelist",
			);
			name = "[CP] Embed Pods Frameworks";
			outputFileListPaths = (
				"${PODS_ROOT}/Target Support Files/Pods-App-Demo(Device)/Pods-App-Demo(Device)-frameworks-${CONFIGURATION}-output-files.xcfilelist",
			);
			runOnlyForDeploymentPostprocessing = 0;
			shellPath = /bin/sh;
			shellScript = "\"${PODS_ROOT}/Target Support Files/Pods-App-Demo(Device)/Pods-App-Demo(Device)-frameworks.sh\"\n";
			showEnvVarsInLog = 0;
		};
		D91F706BD221D8A3ABC824B1 /* [CP] Embed Pods Frameworks */ = {
			isa = PBXShellScriptBuildPhase;
			buildActionMask = 2147483647;
			files = (
			);
			inputFileListPaths = (
				"${PODS_ROOT}/Target Support Files/Pods-App-Demo(Simulator)/Pods-App-Demo(Simulator)-frameworks-${CONFIGURATION}-input-files.xcfilelist",
			);
			name = "[CP] Embed Pods Frameworks";
			outputFileListPaths = (
				"${PODS_ROOT}/Target Support Files/Pods-App-Demo(Simulator)/Pods-App-Demo(Simulator)-frameworks-${CONFIGURATION}-output-files.xcfilelist",
			);
			runOnlyForDeploymentPostprocessing = 0;
			shellPath = /bin/sh;
			shellScript = "\"${PODS_ROOT}/Target Support Files/Pods-App-Demo(Simulator)/Pods-App-Demo(Simulator)-frameworks.sh\"\n";
			showEnvVarsInLog = 0;
		};
/* End PBXShellScriptBuildPhase section */

/* Begin PBXSourcesBuildPhase section */
		F608D5D428939B6800A64115 /* Sources */ = {
			isa = PBXSourcesBuildPhase;
			buildActionMask = 2147483647;
			files = (
				F6CBB0B6289B844300B0330B /* String+Ex.swift in Sources */,
				F6CBB0B0289B648900B0330B /* SignViewController.swift in Sources */,
				F6CBB27B289F4BBA00B0330B /* DataModel.swift in Sources */,
				F608D5D528939B6800A64115 /* ViewController.swift in Sources */,
				F608D5D628939B6800A64115 /* AppDelegate.swift in Sources */,
				F608D5D728939B6800A64115 /* SceneDelegate.swift in Sources */,
				F6C83A0F28A23A2D008C84C3 /* RealmDBHelper.swift in Sources */,
				F6CBB278289F491600B0330B /* HistoryViewController.swift in Sources */,
				F6CBB0B4289B844300B0330B /* Data+Ex.swift in Sources */,
			);
			runOnlyForDeploymentPostprocessing = 0;
		};
		F6730A38286D557200628B36 /* Sources */ = {
			isa = PBXSourcesBuildPhase;
			buildActionMask = 2147483647;
			files = (
				F6CBB0B5289B844300B0330B /* String+Ex.swift in Sources */,
				F6CBB0AF289B648700B0330B /* SignViewController.swift in Sources */,
				F6CBB27A289F4BBA00B0330B /* DataModel.swift in Sources */,
				F6730A44286D557200628B36 /* ViewController.swift in Sources */,
				F6730A40286D557200628B36 /* AppDelegate.swift in Sources */,
				F6730A42286D557200628B36 /* SceneDelegate.swift in Sources */,
				F6C83A0E28A23A2D008C84C3 /* RealmDBHelper.swift in Sources */,
				F6CBB277289F491600B0330B /* HistoryViewController.swift in Sources */,
				F6CBB0B3289B844300B0330B /* Data+Ex.swift in Sources */,
			);
			runOnlyForDeploymentPostprocessing = 0;
		};
		F6730A4E286D557300628B36 /* Sources */ = {
			isa = PBXSourcesBuildPhase;
			buildActionMask = 2147483647;
			files = (
			);
			runOnlyForDeploymentPostprocessing = 0;
		};
		F6730A58286D557300628B36 /* Sources */ = {
			isa = PBXSourcesBuildPhase;
			buildActionMask = 2147483647;
			files = (
			);
			runOnlyForDeploymentPostprocessing = 0;
		};
/* End PBXSourcesBuildPhase section */

/* Begin PBXTargetDependency section */
		F6730A54286D557300628B36 /* PBXTargetDependency */ = {
			isa = PBXTargetDependency;
			target = F6730A3B286D557200628B36 /* Demo(Device) */;
			targetProxy = F6730A53286D557300628B36 /* PBXContainerItemProxy */;
		};
		F6730A5E286D557300628B36 /* PBXTargetDependency */ = {
			isa = PBXTargetDependency;
			target = F6730A3B286D557200628B36 /* Demo(Device) */;
			targetProxy = F6730A5D286D557300628B36 /* PBXContainerItemProxy */;
		};
/* End PBXTargetDependency section */

/* Begin PBXVariantGroup section */
		F6730A45286D557200628B36 /* Main.storyboard */ = {
			isa = PBXVariantGroup;
			children = (
				F6730A46286D557200628B36 /* Base */,
			);
			name = Main.storyboard;
			sourceTree = "<group>";
		};
		F6730A4A286D557300628B36 /* LaunchScreen.storyboard */ = {
			isa = PBXVariantGroup;
			children = (
				F6730A4B286D557300628B36 /* Base */,
			);
			name = LaunchScreen.storyboard;
			sourceTree = "<group>";
		};
/* End PBXVariantGroup section */

/* Begin XCBuildConfiguration section */
		F608D5E128939B6800A64115 /* Debug */ = {
			isa = XCBuildConfiguration;
			baseConfigurationReference = 32504C14F58B5282D2A569CC /* Pods-App-Demo(Simulator).debug.xcconfig */;
			buildSettings = {
				ASSETCATALOG_COMPILER_APPICON_NAME = AppIcon;
				ASSETCATALOG_COMPILER_GLOBAL_ACCENT_COLOR_NAME = AccentColor;
				CODE_SIGN_STYLE = Automatic;
				CURRENT_PROJECT_VERSION = 1;
				DEVELOPMENT_TEAM = 73WQ7ZGSWC;
				FRAMEWORK_SEARCH_PATHS = (
					"$(inherited)",
					"$(PROJECT_DIR)/Teeee",
					"$(PROJECT_DIR)/Teeee/SwiftKeychainWrapper",
					"$(PROJECT_DIR)/Teeee/Simulator\\ arm",
					"$(PROJECT_DIR)/Teeee/Simulator\\ arm",
					"$(PROJECT_DIR)/Teeee/Simulator\\ arm",
					"$(PROJECT_DIR)/Teeee/Simulator\\ arm",
					"$(PROJECT_DIR)/Teeee/Simulator\\ arm",
					"$(PROJECT_DIR)/Teeee/Simulator",
				);
				GENERATE_INFOPLIST_FILE = YES;
				INFOPLIST_FILE = "Demo copy-Info.plist";
				INFOPLIST_KEY_UIApplicationSupportsIndirectInputEvents = YES;
				INFOPLIST_KEY_UILaunchStoryboardName = LaunchScreen;
				INFOPLIST_KEY_UIMainStoryboardFile = Main;
				INFOPLIST_KEY_UISupportedInterfaceOrientations_iPad = "UIInterfaceOrientationPortrait UIInterfaceOrientationPortraitUpsideDown UIInterfaceOrientationLandscapeLeft UIInterfaceOrientationLandscapeRight";
				INFOPLIST_KEY_UISupportedInterfaceOrientations_iPhone = "UIInterfaceOrientationPortrait UIInterfaceOrientationLandscapeLeft UIInterfaceOrientationLandscapeRight";
				IPHONEOS_DEPLOYMENT_TARGET = 14.0;
				LD_RUNPATH_SEARCH_PATHS = (
					"$(inherited)",
					"@executable_path/Frameworks",
				);
				MARKETING_VERSION = 1.0;
				PRODUCT_BUNDLE_IDENTIFIER = com.iotx.data.Teeee;
				PRODUCT_NAME = "$(TARGET_NAME)";
				SWIFT_EMIT_LOC_STRINGS = YES;
				SWIFT_VERSION = 5.0;
				TARGETED_DEVICE_FAMILY = "1,2";
			};
			name = Debug;
		};
		F608D5E228939B6800A64115 /* Release */ = {
			isa = XCBuildConfiguration;
			baseConfigurationReference = 189EC8C8F1267D5B64D38FB0 /* Pods-App-Demo(Simulator).release.xcconfig */;
			buildSettings = {
				ASSETCATALOG_COMPILER_APPICON_NAME = AppIcon;
				ASSETCATALOG_COMPILER_GLOBAL_ACCENT_COLOR_NAME = AccentColor;
				CODE_SIGN_STYLE = Automatic;
				CURRENT_PROJECT_VERSION = 1;
				DEVELOPMENT_TEAM = 73WQ7ZGSWC;
				FRAMEWORK_SEARCH_PATHS = (
					"$(inherited)",
					"$(PROJECT_DIR)/Teeee",
					"$(PROJECT_DIR)/Teeee/SwiftKeychainWrapper",
					"$(PROJECT_DIR)/Teeee/Simulator\\ arm",
					"$(PROJECT_DIR)/Teeee/Simulator\\ arm",
					"$(PROJECT_DIR)/Teeee/Simulator\\ arm",
					"$(PROJECT_DIR)/Teeee/Simulator\\ arm",
					"$(PROJECT_DIR)/Teeee/Simulator\\ arm",
					"$(PROJECT_DIR)/Teeee/Simulator",
				);
				GENERATE_INFOPLIST_FILE = YES;
				INFOPLIST_FILE = "Demo copy-Info.plist";
				INFOPLIST_KEY_UIApplicationSupportsIndirectInputEvents = YES;
				INFOPLIST_KEY_UILaunchStoryboardName = LaunchScreen;
				INFOPLIST_KEY_UIMainStoryboardFile = Main;
				INFOPLIST_KEY_UISupportedInterfaceOrientations_iPad = "UIInterfaceOrientationPortrait UIInterfaceOrientationPortraitUpsideDown UIInterfaceOrientationLandscapeLeft UIInterfaceOrientationLandscapeRight";
				INFOPLIST_KEY_UISupportedInterfaceOrientations_iPhone = "UIInterfaceOrientationPortrait UIInterfaceOrientationLandscapeLeft UIInterfaceOrientationLandscapeRight";
				IPHONEOS_DEPLOYMENT_TARGET = 14.0;
				LD_RUNPATH_SEARCH_PATHS = (
					"$(inherited)",
					"@executable_path/Frameworks",
				);
				MARKETING_VERSION = 1.0;
				PRODUCT_BUNDLE_IDENTIFIER = com.iotx.data.Teeee;
				PRODUCT_NAME = "$(TARGET_NAME)";
				SWIFT_EMIT_LOC_STRINGS = YES;
				SWIFT_VERSION = 5.0;
				TARGETED_DEVICE_FAMILY = "1,2";
			};
			name = Release;
		};
		F6730A64286D557300628B36 /* Debug */ = {
			isa = XCBuildConfiguration;
			buildSettings = {
				ALWAYS_SEARCH_USER_PATHS = NO;
				CLANG_ANALYZER_NONNULL = YES;
				CLANG_ANALYZER_NUMBER_OBJECT_CONVERSION = YES_AGGRESSIVE;
				CLANG_CXX_LANGUAGE_STANDARD = "gnu++17";
				CLANG_ENABLE_MODULES = YES;
				CLANG_ENABLE_OBJC_ARC = YES;
				CLANG_ENABLE_OBJC_WEAK = YES;
				CLANG_WARN_BLOCK_CAPTURE_AUTORELEASING = YES;
				CLANG_WARN_BOOL_CONVERSION = YES;
				CLANG_WARN_COMMA = YES;
				CLANG_WARN_CONSTANT_CONVERSION = YES;
				CLANG_WARN_DEPRECATED_OBJC_IMPLEMENTATIONS = YES;
				CLANG_WARN_DIRECT_OBJC_ISA_USAGE = YES_ERROR;
				CLANG_WARN_DOCUMENTATION_COMMENTS = YES;
				CLANG_WARN_EMPTY_BODY = YES;
				CLANG_WARN_ENUM_CONVERSION = YES;
				CLANG_WARN_INFINITE_RECURSION = YES;
				CLANG_WARN_INT_CONVERSION = YES;
				CLANG_WARN_NON_LITERAL_NULL_CONVERSION = YES;
				CLANG_WARN_OBJC_IMPLICIT_RETAIN_SELF = YES;
				CLANG_WARN_OBJC_LITERAL_CONVERSION = YES;
				CLANG_WARN_OBJC_ROOT_CLASS = YES_ERROR;
				CLANG_WARN_QUOTED_INCLUDE_IN_FRAMEWORK_HEADER = YES;
				CLANG_WARN_RANGE_LOOP_ANALYSIS = YES;
				CLANG_WARN_STRICT_PROTOTYPES = YES;
				CLANG_WARN_SUSPICIOUS_MOVE = YES;
				CLANG_WARN_UNGUARDED_AVAILABILITY = YES_AGGRESSIVE;
				CLANG_WARN_UNREACHABLE_CODE = YES;
				CLANG_WARN__DUPLICATE_METHOD_MATCH = YES;
				COPY_PHASE_STRIP = NO;
				DEBUG_INFORMATION_FORMAT = dwarf;
				ENABLE_STRICT_OBJC_MSGSEND = YES;
				ENABLE_TESTABILITY = YES;
				GCC_C_LANGUAGE_STANDARD = gnu11;
				GCC_DYNAMIC_NO_PIC = NO;
				GCC_NO_COMMON_BLOCKS = YES;
				GCC_OPTIMIZATION_LEVEL = 0;
				GCC_PREPROCESSOR_DEFINITIONS = (
					"DEBUG=1",
					"$(inherited)",
				);
				GCC_WARN_64_TO_32_BIT_CONVERSION = YES;
				GCC_WARN_ABOUT_RETURN_TYPE = YES_ERROR;
				GCC_WARN_UNDECLARED_SELECTOR = YES;
				GCC_WARN_UNINITIALIZED_AUTOS = YES_AGGRESSIVE;
				GCC_WARN_UNUSED_FUNCTION = YES;
				GCC_WARN_UNUSED_VARIABLE = YES;
				IPHONEOS_DEPLOYMENT_TARGET = 15.5;
				MTL_ENABLE_DEBUG_INFO = INCLUDE_SOURCE;
				MTL_FAST_MATH = YES;
				ONLY_ACTIVE_ARCH = YES;
				SDKROOT = iphoneos;
				SWIFT_ACTIVE_COMPILATION_CONDITIONS = DEBUG;
				SWIFT_OPTIMIZATION_LEVEL = "-Onone";
			};
			name = Debug;
		};
		F6730A65286D557300628B36 /* Release */ = {
			isa = XCBuildConfiguration;
			buildSettings = {
				ALWAYS_SEARCH_USER_PATHS = NO;
				CLANG_ANALYZER_NONNULL = YES;
				CLANG_ANALYZER_NUMBER_OBJECT_CONVERSION = YES_AGGRESSIVE;
				CLANG_CXX_LANGUAGE_STANDARD = "gnu++17";
				CLANG_ENABLE_MODULES = YES;
				CLANG_ENABLE_OBJC_ARC = YES;
				CLANG_ENABLE_OBJC_WEAK = YES;
				CLANG_WARN_BLOCK_CAPTURE_AUTORELEASING = YES;
				CLANG_WARN_BOOL_CONVERSION = YES;
				CLANG_WARN_COMMA = YES;
				CLANG_WARN_CONSTANT_CONVERSION = YES;
				CLANG_WARN_DEPRECATED_OBJC_IMPLEMENTATIONS = YES;
				CLANG_WARN_DIRECT_OBJC_ISA_USAGE = YES_ERROR;
				CLANG_WARN_DOCUMENTATION_COMMENTS = YES;
				CLANG_WARN_EMPTY_BODY = YES;
				CLANG_WARN_ENUM_CONVERSION = YES;
				CLANG_WARN_INFINITE_RECURSION = YES;
				CLANG_WARN_INT_CONVERSION = YES;
				CLANG_WARN_NON_LITERAL_NULL_CONVERSION = YES;
				CLANG_WARN_OBJC_IMPLICIT_RETAIN_SELF = YES;
				CLANG_WARN_OBJC_LITERAL_CONVERSION = YES;
				CLANG_WARN_OBJC_ROOT_CLASS = YES_ERROR;
				CLANG_WARN_QUOTED_INCLUDE_IN_FRAMEWORK_HEADER = YES;
				CLANG_WARN_RANGE_LOOP_ANALYSIS = YES;
				CLANG_WARN_STRICT_PROTOTYPES = YES;
				CLANG_WARN_SUSPICIOUS_MOVE = YES;
				CLANG_WARN_UNGUARDED_AVAILABILITY = YES_AGGRESSIVE;
				CLANG_WARN_UNREACHABLE_CODE = YES;
				CLANG_WARN__DUPLICATE_METHOD_MATCH = YES;
				COPY_PHASE_STRIP = NO;
				DEBUG_INFORMATION_FORMAT = "dwarf-with-dsym";
				ENABLE_NS_ASSERTIONS = NO;
				ENABLE_STRICT_OBJC_MSGSEND = YES;
				GCC_C_LANGUAGE_STANDARD = gnu11;
				GCC_NO_COMMON_BLOCKS = YES;
				GCC_WARN_64_TO_32_BIT_CONVERSION = YES;
				GCC_WARN_ABOUT_RETURN_TYPE = YES_ERROR;
				GCC_WARN_UNDECLARED_SELECTOR = YES;
				GCC_WARN_UNINITIALIZED_AUTOS = YES_AGGRESSIVE;
				GCC_WARN_UNUSED_FUNCTION = YES;
				GCC_WARN_UNUSED_VARIABLE = YES;
				IPHONEOS_DEPLOYMENT_TARGET = 15.5;
				MTL_ENABLE_DEBUG_INFO = NO;
				MTL_FAST_MATH = YES;
				SDKROOT = iphoneos;
				SWIFT_COMPILATION_MODE = wholemodule;
				SWIFT_OPTIMIZATION_LEVEL = "-O";
				VALIDATE_PRODUCT = YES;
			};
			name = Release;
		};
		F6730A67286D557300628B36 /* Debug */ = {
			isa = XCBuildConfiguration;
			baseConfigurationReference = 59EB73647B03937D5400F806 /* Pods-App-Demo(Device).debug.xcconfig */;
			buildSettings = {
				ASSETCATALOG_COMPILER_APPICON_NAME = AppIcon;
				ASSETCATALOG_COMPILER_GLOBAL_ACCENT_COLOR_NAME = AccentColor;
				CODE_SIGN_STYLE = Automatic;
				CURRENT_PROJECT_VERSION = 6;
				DEVELOPMENT_TEAM = 73WQ7ZGSWC;
				ENABLE_BITCODE = NO;
				FRAMEWORK_SEARCH_PATHS = (
					"$(inherited)",
					"$(PROJECT_DIR)/Teeee",
					"$(PROJECT_DIR)/Teeee/SwiftKeychainWrapper",
					"$(PROJECT_DIR)/Teeee/Device",
				);
				GENERATE_INFOPLIST_FILE = YES;
				INFOPLIST_FILE = Teeee/Info.plist;
				INFOPLIST_KEY_NSLocationAlwaysAndWhenInUseUsageDescription = "need your location";
				INFOPLIST_KEY_NSLocationWhenInUseUsageDescription = "need your location";
				INFOPLIST_KEY_UIApplicationSupportsIndirectInputEvents = YES;
				INFOPLIST_KEY_UILaunchStoryboardName = LaunchScreen;
				INFOPLIST_KEY_UIMainStoryboardFile = Main;
				INFOPLIST_KEY_UISupportedInterfaceOrientations_iPad = "UIInterfaceOrientationPortrait UIInterfaceOrientationPortraitUpsideDown UIInterfaceOrientationLandscapeLeft UIInterfaceOrientationLandscapeRight";
				INFOPLIST_KEY_UISupportedInterfaceOrientations_iPhone = "UIInterfaceOrientationPortrait UIInterfaceOrientationLandscapeLeft UIInterfaceOrientationLandscapeRight";
				IPHONEOS_DEPLOYMENT_TARGET = 14.0;
				LD_RUNPATH_SEARCH_PATHS = (
					"$(inherited)",
					"@executable_path/Frameworks",
				);
				MARKETING_VERSION = 1.0;
				PRODUCT_BUNDLE_IDENTIFIER = com.iotx.data.Teeee;
				PRODUCT_NAME = "$(TARGET_NAME)";
				SWIFT_EMIT_LOC_STRINGS = YES;
				SWIFT_VERSION = 5.0;
				TARGETED_DEVICE_FAMILY = "1,2";
			};
			name = Debug;
		};
		F6730A68286D557300628B36 /* Release */ = {
			isa = XCBuildConfiguration;
			baseConfigurationReference = 20F78688A15E8549E4D794CB /* Pods-App-Demo(Device).release.xcconfig */;
			buildSettings = {
				ASSETCATALOG_COMPILER_APPICON_NAME = AppIcon;
				ASSETCATALOG_COMPILER_GLOBAL_ACCENT_COLOR_NAME = AccentColor;
				CODE_SIGN_STYLE = Automatic;
				CURRENT_PROJECT_VERSION = 6;
				DEVELOPMENT_TEAM = 73WQ7ZGSWC;
				ENABLE_BITCODE = NO;
				FRAMEWORK_SEARCH_PATHS = (
					"$(inherited)",
					"$(PROJECT_DIR)/Teeee",
					"$(PROJECT_DIR)/Teeee/SwiftKeychainWrapper",
					"$(PROJECT_DIR)/Teeee/Device",
				);
				GENERATE_INFOPLIST_FILE = YES;
				INFOPLIST_FILE = Teeee/Info.plist;
				INFOPLIST_KEY_NSLocationAlwaysAndWhenInUseUsageDescription = "need your location";
				INFOPLIST_KEY_NSLocationWhenInUseUsageDescription = "need your location";
				INFOPLIST_KEY_UIApplicationSupportsIndirectInputEvents = YES;
				INFOPLIST_KEY_UILaunchStoryboardName = LaunchScreen;
				INFOPLIST_KEY_UIMainStoryboardFile = Main;
				INFOPLIST_KEY_UISupportedInterfaceOrientations_iPad = "UIInterfaceOrientationPortrait UIInterfaceOrientationPortraitUpsideDown UIInterfaceOrientationLandscapeLeft UIInterfaceOrientationLandscapeRight";
				INFOPLIST_KEY_UISupportedInterfaceOrientations_iPhone = "UIInterfaceOrientationPortrait UIInterfaceOrientationLandscapeLeft UIInterfaceOrientationLandscapeRight";
				IPHONEOS_DEPLOYMENT_TARGET = 14.0;
				LD_RUNPATH_SEARCH_PATHS = (
					"$(inherited)",
					"@executable_path/Frameworks",
				);
				MARKETING_VERSION = 1.0;
				PRODUCT_BUNDLE_IDENTIFIER = com.iotx.data.Teeee;
				PRODUCT_NAME = "$(TARGET_NAME)";
				SWIFT_EMIT_LOC_STRINGS = YES;
				SWIFT_VERSION = 5.0;
				TARGETED_DEVICE_FAMILY = "1,2";
			};
			name = Release;
		};
		F6730A6A286D557300628B36 /* Debug */ = {
			isa = XCBuildConfiguration;
			buildSettings = {
				ALWAYS_EMBED_SWIFT_STANDARD_LIBRARIES = YES;
				BUNDLE_LOADER = "$(TEST_HOST)";
				CODE_SIGN_STYLE = Automatic;
				CURRENT_PROJECT_VERSION = 1;
				GENERATE_INFOPLIST_FILE = YES;
				IPHONEOS_DEPLOYMENT_TARGET = 15.5;
				MARKETING_VERSION = 1.0;
				PRODUCT_BUNDLE_IDENTIFIER = com.iotx.data.TeeeeTests;
				PRODUCT_NAME = "$(TARGET_NAME)";
				SWIFT_EMIT_LOC_STRINGS = NO;
				SWIFT_VERSION = 5.0;
				TARGETED_DEVICE_FAMILY = "1,2";
				TEST_HOST = "$(BUILT_PRODUCTS_DIR)/Demo.app/Demo";
			};
			name = Debug;
		};
		F6730A6B286D557300628B36 /* Release */ = {
			isa = XCBuildConfiguration;
			buildSettings = {
				ALWAYS_EMBED_SWIFT_STANDARD_LIBRARIES = YES;
				BUNDLE_LOADER = "$(TEST_HOST)";
				CODE_SIGN_STYLE = Automatic;
				CURRENT_PROJECT_VERSION = 1;
				GENERATE_INFOPLIST_FILE = YES;
				IPHONEOS_DEPLOYMENT_TARGET = 15.5;
				MARKETING_VERSION = 1.0;
				PRODUCT_BUNDLE_IDENTIFIER = com.iotx.data.TeeeeTests;
				PRODUCT_NAME = "$(TARGET_NAME)";
				SWIFT_EMIT_LOC_STRINGS = NO;
				SWIFT_VERSION = 5.0;
				TARGETED_DEVICE_FAMILY = "1,2";
				TEST_HOST = "$(BUILT_PRODUCTS_DIR)/Demo.app/Demo";
			};
			name = Release;
		};
		F6730A6D286D557300628B36 /* Debug */ = {
			isa = XCBuildConfiguration;
			buildSettings = {
				ALWAYS_EMBED_SWIFT_STANDARD_LIBRARIES = YES;
				CODE_SIGN_STYLE = Automatic;
				CURRENT_PROJECT_VERSION = 1;
				GENERATE_INFOPLIST_FILE = YES;
				MARKETING_VERSION = 1.0;
				PRODUCT_BUNDLE_IDENTIFIER = com.iotx.data.TeeeeUITests;
				PRODUCT_NAME = "$(TARGET_NAME)";
				SWIFT_EMIT_LOC_STRINGS = NO;
				SWIFT_VERSION = 5.0;
				TARGETED_DEVICE_FAMILY = "1,2";
				TEST_TARGET_NAME = Teeee;
			};
			name = Debug;
		};
		F6730A6E286D557300628B36 /* Release */ = {
			isa = XCBuildConfiguration;
			buildSettings = {
				ALWAYS_EMBED_SWIFT_STANDARD_LIBRARIES = YES;
				CODE_SIGN_STYLE = Automatic;
				CURRENT_PROJECT_VERSION = 1;
				GENERATE_INFOPLIST_FILE = YES;
				MARKETING_VERSION = 1.0;
				PRODUCT_BUNDLE_IDENTIFIER = com.iotx.data.TeeeeUITests;
				PRODUCT_NAME = "$(TARGET_NAME)";
				SWIFT_EMIT_LOC_STRINGS = NO;
				SWIFT_VERSION = 5.0;
				TARGETED_DEVICE_FAMILY = "1,2";
				TEST_TARGET_NAME = Teeee;
			};
			name = Release;
		};
/* End XCBuildConfiguration section */

/* Begin XCConfigurationList section */
		F608D5E028939B6800A64115 /* Build configuration list for PBXNativeTarget "Demo(Simulator)" */ = {
			isa = XCConfigurationList;
			buildConfigurations = (
				F608D5E128939B6800A64115 /* Debug */,
				F608D5E228939B6800A64115 /* Release */,
			);
			defaultConfigurationIsVisible = 0;
			defaultConfigurationName = Release;
		};
		F6730A37286D557200628B36 /* Build configuration list for PBXProject "Demo" */ = {
			isa = XCConfigurationList;
			buildConfigurations = (
				F6730A64286D557300628B36 /* Debug */,
				F6730A65286D557300628B36 /* Release */,
			);
			defaultConfigurationIsVisible = 0;
			defaultConfigurationName = Release;
		};
		F6730A66286D557300628B36 /* Build configuration list for PBXNativeTarget "Demo(Device)" */ = {
			isa = XCConfigurationList;
			buildConfigurations = (
				F6730A67286D557300628B36 /* Debug */,
				F6730A68286D557300628B36 /* Release */,
			);
			defaultConfigurationIsVisible = 0;
			defaultConfigurationName = Release;
		};
		F6730A69286D557300628B36 /* Build configuration list for PBXNativeTarget "DemoTests" */ = {
			isa = XCConfigurationList;
			buildConfigurations = (
				F6730A6A286D557300628B36 /* Debug */,
				F6730A6B286D557300628B36 /* Release */,
			);
			defaultConfigurationIsVisible = 0;
			defaultConfigurationName = Release;
		};
		F6730A6C286D557300628B36 /* Build configuration list for PBXNativeTarget "DemoUITests" */ = {
			isa = XCConfigurationList;
			buildConfigurations = (
				F6730A6D286D557300628B36 /* Debug */,
				F6730A6E286D557300628B36 /* Release */,
			);
			defaultConfigurationIsVisible = 0;
			defaultConfigurationName = Release;
		};
/* End XCConfigurationList section */
	};
	rootObject = F6730A34286D557200628B36 /* Project object */;
}
